
Microsoft Visual Studio Solution File, Format Version 12.00
# Visual Studio Version 16
VisualStudioVersion = 16.0.37530.7
MinimumVisualStudioVersion = 10.0.40219.1
Project("{FAE04EC0-301F-11D3-BF4B-00C04F79EFBC}") = "AplikasiKriteriaNilai", "AplikasiKriteriaNilai\AplikasiKriteriaNilai.csproj", "{B44A90D5-D7AB-48BB-BFD6-DBFB0267E1E8}"
EndProject
Global
	GlobalSection(SolutionConfigurationPlatforms) = preSolution
		Debug|Any CPU = Debug|Any CPU
		Release|Any CPU = Release|Any CPU
	EndGlobalSection
	GlobalSection(ProjectConfigurationPlatforms) = postSolution
		{B44A90D5-D7AB-48BB-BFD6-DBFB0267E1E8}.Debug|Any CPU.ActiveCfg = Debug|Any CPU
		{B44A90D5-D7AB-48BB-BFD6-DBFB0267E1E8}.Debug|Any CPU.Build.0 = Debug|Any CPU
		{B44A90D5-D7AB-48BB-BFD6-DBFB0267E1E8}.Release|Any CPU.ActiveCfg = Release|Any CPU
		{B44A90D5-D7AB-48BB-BFD6-DBFB0267E1E8}.Release|Any CPU.Build.0 = Release|Any CPU
	EndGlobalSection
	GlobalSection(SolutionProperties) = preSolution
		HideSolutionNode = FALSE
	EndGlobalSection
	GlobalSection(ExtensibilityGlobals) = postSolution
		SolutionGuid = {6C171A70-65DA-4D51-BDD3-9384B8BF6B81}
	EndGlobalSection
EndGlobal
