
Microsoft Visual Studio Solution File, Format Version 12.00
# Visual Studio Version 16
VisualStudioVersion = 16.0.37530.7
MinimumVisualStudioVersion = 10.0.40219.1
Project("{FAE04EC0-301F-11D3-BF4B-00C04F79EFBC}") = "PendaftaranPenduduk", "PendaftaranPenduduk\PendaftaranPenduduk.csproj", "{142FE0FF-738A-4693-AD4F-3778AB9B40D2}"
EndProject
Global
	GlobalSection(SolutionConfigurationPlatforms) = preSolution
		Debug|Any CPU = Debug|Any CPU
		Release|Any CPU = Release|Any CPU
	EndGlobalSection
	GlobalSection(ProjectConfigurationPlatforms) = postSolution
		{142FE0FF-738A-4693-AD4F-3778AB9B40D2}.Debug|Any CPU.ActiveCfg = Debug|Any CPU
		{142FE0FF-738A-4693-AD4F-3778AB9B40D2}.Debug|Any CPU.Build.0 = Debug|Any CPU
		{142FE0FF-738A-4693-AD4F-3778AB9B40D2}.Release|Any CPU.ActiveCfg = Release|Any CPU
		{142FE0FF-738A-4693-AD4F-3778AB9B40D2}.Release|Any CPU.Build.0 = Release|Any CPU
	EndGlobalSection
	GlobalSection(SolutionProperties) = preSolution
		HideSolutionNode = FALSE
	EndGlobalSection
	GlobalSection(ExtensibilityGlobals) = postSolution
		SolutionGuid = {207EE04D-4B4A-4385-A3A3-AB109526C60B}
	EndGlobalSection
EndGlobal
